
Microsoft Visual Studio Solution File, Format Version 12.00
# Visual Studio Version 17
VisualStudioVersion = 17.8.34511.84
MinimumVisualStudioVersion = 10.0.40219.1
Project("{FAE04EC0-301F-11D3-BF4B-00C04F79EFBC}") = "WpfApp4", "WpfApp4\WpfApp4.csproj", "{6CBF020E-82AB-4F07-91BA-EE67F4D3151F}"
EndProject
Global
	GlobalSection(SolutionConfigurationPlatforms) = preSolution
		Debug|Any CPU = Debug|Any CPU
		Release|Any CPU = Release|Any CPU
	EndGlobalSection
	GlobalSection(ProjectConfigurationPlatforms) = postSolution
		{6CBF020E-82AB-4F07-91BA-EE67F4D3151F}.Debug|Any CPU.ActiveCfg = Debug|Any CPU
		{6CBF020E-82AB-4F07-91BA-EE67F4D3151F}.Debug|Any CPU.Build.0 = Debug|Any CPU
		{6CBF020E-82AB-4F07-91BA-EE67F4D3151F}.Release|Any CPU.ActiveCfg = Release|Any CPU
		{6CBF020E-82AB-4F07-91BA-EE67F4D3151F}.Release|Any CPU.Build.0 = Release|Any CPU
	EndGlobalSection
	GlobalSection(SolutionProperties) = preSolution
		HideSolutionNode = FALSE
	EndGlobalSection
	GlobalSection(ExtensibilityGlobals) = postSolution
		SolutionGuid = {3B82DEA7-F53F-4604-A271-20A0FD61B7F1}
	EndGlobalSection
EndGlobal
